Microsoft Visual Studio Solution File, Format Version 12.00
# Visual Studio Version 17
VisualStudioVersion = 17.5.2.0
MinimumVisualStudioVersion = 10.0.40219.1
Project("{FAE04EC0-301F-11D3-BF4B-00C04F79EFBC}") = "pet-clinic-rest-client", "pet-clinic-rest-client.csproj", "{1E405C92-CFA1-0DCA-BEDB-3D2E5C894D50}"
EndProject
Global
	GlobalSection(SolutionConfigurationPlatforms) = preSolution
		Debug|Any CPU = Debug|Any CPU
		Release|Any CPU = Release|Any CPU
	EndGlobalSection
	GlobalSection(ProjectConfigurationPlatforms) = postSolution
		{1E405C92-CFA1-0DCA-BEDB-3D2E5C894D50}.Debug|Any CPU.ActiveCfg = Debug|Any CPU
		{1E405C92-CFA1-0DCA-BEDB-3D2E5C894D50}.Debug|Any CPU.Build.0 = Debug|Any CPU
		{1E405C92-CFA1-0DCA-BEDB-3D2E5C894D50}.Release|Any CPU.ActiveCfg = Release|Any CPU
		{1E405C92-CFA1-0DCA-BEDB-3D2E5C894D50}.Release|Any CPU.Build.0 = Release|Any CPU
	EndGlobalSection
	GlobalSection(SolutionProperties) = preSolution
		HideSolutionNode = FALSE
	EndGlobalSection
	GlobalSection(ExtensibilityGlobals) = postSolution
		SolutionGuid = {FF0815AF-F841-434D-BC54-43E5B55D5B76}
	EndGlobalSection
EndGlobal
